
Microsoft Visual Studio Solution File, Format Version 12.00
# Visual Studio Version 17
VisualStudioVersion = 17.2.32505.173
MinimumVisualStudioVersion = 10.0.40219.1
Project("{FAE04EC0-301F-11D3-BF4B-00C04F79EFBC}") = "Laba_1_bazovi", "Laba_1_bazovi\Laba_1_bazovi.csproj", "{2AD4C3DA-FDED-4997-A45A-E5F1CCA1C06A}"
EndProject
Global
	GlobalSection(SolutionConfigurationPlatforms) = preSolution
		Debug|Any CPU = Debug|Any CPU
		Release|Any CPU = Release|Any CPU
	EndGlobalSection
	GlobalSection(ProjectConfigurationPlatforms) = postSolution
		{2AD4C3DA-FDED-4997-A45A-E5F1CCA1C06A}.Debug|Any CPU.ActiveCfg = Debug|Any CPU
		{2AD4C3DA-FDED-4997-A45A-E5F1CCA1C06A}.Debug|Any CPU.Build.0 = Debug|Any CPU
		{2AD4C3DA-FDED-4997-A45A-E5F1CCA1C06A}.Release|Any CPU.ActiveCfg = Release|Any CPU
		{2AD4C3DA-FDED-4997-A45A-E5F1CCA1C06A}.Release|Any CPU.Build.0 = Release|Any CPU
	EndGlobalSection
	GlobalSection(SolutionProperties) = preSolution
		HideSolutionNode = FALSE
	EndGlobalSection
	GlobalSection(ExtensibilityGlobals) = postSolution
		SolutionGuid = {BF741C6E-FFE8-4D71-9134-DE45FA91DE99}
	EndGlobalSection
EndGlobal
